// !$*UTF8*$!
{
	archiveVersion = 1;
	classes = {
	};
	objectVersion = 47;
	objects = {

/* Begin PBXBuildFile section */
		2705427C1F0882420002C7BE /* Pods-SchoolPower-acknowledgements.plist in Resources */ = {isa = PBXBuildFile; fileRef = 2705427B1F0882420002C7BE /* Pods-SchoolPower-acknowledgements.plist */; };
		2705427E1F0887880002C7BE /* AboutViewController.swift in Sources */ = {isa = PBXBuildFile; fileRef = 2705427D1F0887880002C7BE /* AboutViewController.swift */; };
		6201D31520138A9600A9255C /* AssignmentDialog.xib in Resources */ = {isa = PBXBuildFile; fileRef = 6201D31420138A9600A9255C /* AssignmentDialog.xib */; };
		6201D3172013932300A9255C /* AssignmentFlagListItem.xib in Resources */ = {isa = PBXBuildFile; fileRef = 6201D3162013932300A9255C /* AssignmentFlagListItem.xib */; };
		6201D3192013938E00A9255C /* AssignmentDialog.swift in Sources */ = {isa = PBXBuildFile; fileRef = 6201D3182013938E00A9255C /* AssignmentDialog.swift */; };
		6204A07C1F39E5A9004B2118 /* NothingView.xib in Resources */ = {isa = PBXBuildFile; fileRef = 6204A07B1F39E5A9004B2118 /* NothingView.xib */; };
		6204A07E1F39E5CE004B2118 /* NothingView.swift in Sources */ = {isa = PBXBuildFile; fileRef = 6204A07D1F39E5CE004B2118 /* NothingView.swift */; };
		6205B9161FDB77CD00A124E0 /* TermDialog.xib in Resources */ = {isa = PBXBuildFile; fileRef = 6205B9151FDB77CD00A124E0 /* TermDialog.xib */; };
		6205B9181FDB80F400A124E0 /* TermDialog.swift in Sources */ = {isa = PBXBuildFile; fileRef = 6205B9171FDB80F400A124E0 /* TermDialog.swift */; };
		6207CEC9210A00CA001FC013 /* cheer.json in Resources */ = {isa = PBXBuildFile; fileRef = 6207CEC7210A00C0001FC013 /* cheer.json */; };
		6207CECA210A00CA001FC013 /* gift_box.json in Resources */ = {isa = PBXBuildFile; fileRef = 6207CEC8210A00C5001FC013 /* gift_box.json */; };
		6207CECC210A0F42001FC013 /* BirthdayDialog.xib in Resources */ = {isa = PBXBuildFile; fileRef = 6207CECB210A0F42001FC013 /* BirthdayDialog.xib */; };
		6209FFC720DB2B1900B96754 /* BarChartViewController.swift in Sources */ = {isa = PBXBuildFile; fileRef = 6209FFC620DB2B1900B96754 /* BarChartViewController.swift */; };
		6209FFC920DB2CBD00B96754 /* LineChartViewController.swift in Sources */ = {isa = PBXBuildFile; fileRef = 6209FFC820DB2CBD00B96754 /* LineChartViewController.swift */; };
		6209FFCB20DB3CAE00B96754 /* RadarChartViewController.swift in Sources */ = {isa = PBXBuildFile; fileRef = 6209FFCA20DB3CAE00B96754 /* RadarChartViewController.swift */; };
		6218E23820E5D7A9005CBCED /* SupportViewController.swift in Sources */ = {isa = PBXBuildFile; fileRef = 6218E23720E5D7A9005CBCED /* SupportViewController.swift */; };
		6218E23A20E5D83F005CBCED /* PromotionViewController.swift in Sources */ = {isa = PBXBuildFile; fileRef = 6218E23920E5D83F005CBCED /* PromotionViewController.swift */; };
		6218E23C20E5D853005CBCED /* DonationViewController.swift in Sources */ = {isa = PBXBuildFile; fileRef = 6218E23B20E5D853005CBCED /* DonationViewController.swift */; };
		621DA1B71EFD01A300EFAB5A /* Utils.swift in Sources */ = {isa = PBXBuildFile; fileRef = 621DA1B61EFD01A300EFAB5A /* Utils.swift */; };
		622248B7210A14A200E7762E /* BirthdayDialog.swift in Sources */ = {isa = PBXBuildFile; fileRef = 622248B6210A14A200E7762E /* BirthdayDialog.swift */; };
		622248B9210B6D0900E7762E /* CryptoDialog.xib in Resources */ = {isa = PBXBuildFile; fileRef = 622248B8210B6D0900E7762E /* CryptoDialog.xib */; };
		622248BB210B6E9000E7762E /* CryptoDialog.swift in Sources */ = {isa = PBXBuildFile; fileRef = 622248BA210B6E9000E7762E /* CryptoDialog.swift */; };
		62245FC420FB4F770093E813 /* InstructionViewController.m in Sources */ = {isa = PBXBuildFile; fileRef = 62245FC320FB4F770093E813 /* InstructionViewController.m */; };
		62245FC920FB51A50093E813 /* OnboardingContentViewController.m in Sources */ = {isa = PBXBuildFile; fileRef = 62245FC820FB51A40093E813 /* OnboardingContentViewController.m */; };
		62368CA51F88825000519608 /* MessageUI.framework in Frameworks */ = {isa = PBXBuildFile; fileRef = 62368CA41F88825000519608 /* MessageUI.framework */; };
		62377E9321044171004DE715 /* TouchThroughCard.swift in Sources */ = {isa = PBXBuildFile; fileRef = 62377E9221044171004DE715 /* TouchThroughCard.swift */; };
		62377E9721047F92004DE715 /* transtr.py in Resources */ = {isa = PBXBuildFile; fileRef = 62377E9621047F91004DE715 /* transtr.py */; };
		624BDC211EFE2F6A0052EC5D /* AssignmentCell.swift in Sources */ = {isa = PBXBuildFile; fileRef = 624BDC201EFE2F6A0052EC5D /* AssignmentCell.swift */; };
		624BDC231EFE46110052EC5D /* Colors.swift in Sources */ = {isa = PBXBuildFile; fileRef = 624BDC221EFE46110052EC5D /* Colors.swift */; };
		624BDC531EFE77440052EC5D /* CourseDetailHeaderCell.swift in Sources */ = {isa = PBXBuildFile; fileRef = 624BDC521EFE77440052EC5D /* CourseDetailHeaderCell.swift */; };
		624CDDE720143E0200BDED7C /* AssignmentFlagCollectionCell.xib in Resources */ = {isa = PBXBuildFile; fileRef = 624CDDE620143E0200BDED7C /* AssignmentFlagCollectionCell.xib */; };
		6271028C1F6FDDBA00676290 /* StudentInformation.swift in Sources */ = {isa = PBXBuildFile; fileRef = 6271028B1F6FDDBA00676290 /* StudentInformation.swift */; };
		627F928621007DC9001F953B /* DonateDialog.xib in Resources */ = {isa = PBXBuildFile; fileRef = 627F928521007DC9001F953B /* DonateDialog.xib */; };
		627F928821008677001F953B /* DonationDialog.swift in Sources */ = {isa = PBXBuildFile; fileRef = 627F928721008677001F953B /* DonationDialog.swift */; };
		627F928A210090DF001F953B /* FoldingCell.swift in Sources */ = {isa = PBXBuildFile; fileRef = 627F9289210090DF001F953B /* FoldingCell.swift */; };
		628721EA20CF38F100B9FE33 /* ThemeManager.swift in Sources */ = {isa = PBXBuildFile; fileRef = 628721E920CF38F100B9FE33 /* ThemeManager.swift */; };
		62953B0820D091B0003D681F /* AccentColorViewController.swift in Sources */ = {isa = PBXBuildFile; fileRef = 62953B0720D091B0003D681F /* AccentColorViewController.swift */; };
		62953B0A20D0B869003D681F /* AccentColorCell.xib in Resources */ = {isa = PBXBuildFile; fileRef = 62953B0920D0B869003D681F /* AccentColorCell.xib */; };
		6297EC201FF0BFA5003E8F1C /* SelectSubjectTableViewController.swift in Sources */ = {isa = PBXBuildFile; fileRef = 6297EC1F1FF0BFA5003E8F1C /* SelectSubjectTableViewController.swift */; };
		6297EC221FF0BFBB003E8F1C /* CalculateRuleTableViewController.swift in Sources */ = {isa = PBXBuildFile; fileRef = 6297EC211FF0BFBB003E8F1C /* CalculateRuleTableViewController.swift */; };
		6297EC241FF0FC16003E8F1C /* GPADialigUtil.swift in Sources */ = {isa = PBXBuildFile; fileRef = 6297EC231FF0FC16003E8F1C /* GPADialigUtil.swift */; };
		62A8FA441EFB66DA00751ACD /* Podfile in Resources */ = {isa = PBXBuildFile; fileRef = 62A8FA431EFB66DA00751ACD /* Podfile */; };
		62AA4E3C1F033B57009C8CFC /* AppNavigationDrawerController.swift in Sources */ = {isa = PBXBuildFile; fileRef = 62AA4E391F033B57009C8CFC /* AppNavigationDrawerController.swift */; };
		62AA4E3D1F033B57009C8CFC /* LeftViewController.swift in Sources */ = {isa = PBXBuildFile; fileRef = 62AA4E3A1F033B57009C8CFC /* LeftViewController.swift */; };
		62AA4E3E1F033B57009C8CFC /* ChartsViewController.swift in Sources */ = {isa = PBXBuildFile; fileRef = 62AA4E3B1F033B57009C8CFC /* ChartsViewController.swift */; };
		62C34DF51F035F340078D5F8 /* DrawerFragmentCell.swift in Sources */ = {isa = PBXBuildFile; fileRef = 62C34DF41F035F340078D5F8 /* DrawerFragmentCell.swift */; };
		62C34DFE1F03BCC10078D5F8 /* SettingsViewController.swift in Sources */ = {isa = PBXBuildFile; fileRef = 62C34DFD1F03BCC10078D5F8 /* SettingsViewController.swift */; };
		62C34E001F03C9C10078D5F8 /* SettingsCell.swift in Sources */ = {isa = PBXBuildFile; fileRef = 62C34DFF1F03C9C10078D5F8 /* SettingsCell.swift */; };
		62C34E051F03DF080078D5F8 /* LanguageTableViewController.swift in Sources */ = {isa = PBXBuildFile; fileRef = 62C34E041F03DF080078D5F8 /* LanguageTableViewController.swift */; };
		62C34E071F03EC470078D5F8 /* DashboardDisplaysTableViewController.swift in Sources */ = {isa = PBXBuildFile; fileRef = 62C34E061F03EC470078D5F8 /* DashboardDisplaysTableViewController.swift */; };
		62C34E091F0482050078D5F8 /* LoginViewController.swift in Sources */ = {isa = PBXBuildFile; fileRef = 62C34E081F0482050078D5F8 /* LoginViewController.swift */; };
		62C34E121F05F2280078D5F8 /* Main.storyboard in Resources */ = {isa = PBXBuildFile; fileRef = 62C34E141F05F2280078D5F8 /* Main.storyboard */; };
		62C34E151F05F22E0078D5F8 /* Settings.storyboard in Resources */ = {isa = PBXBuildFile; fileRef = 62C34E171F05F22E0078D5F8 /* Settings.storyboard */; };
		62C34E291F05F5990078D5F8 /* Localizable.strings in Resources */ = {isa = PBXBuildFile; fileRef = 62C34E271F05F5990078D5F8 /* Localizable.strings */; };
		62C34E2D1F05FAAD0078D5F8 /* DGLocalization.swift in Sources */ = {isa = PBXBuildFile; fileRef = 62C34E2C1F05FAAD0078D5F8 /* DGLocalization.swift */; };
		62C34E321F06216D0078D5F8 /* CourseDetailFooterCell.swift in Sources */ = {isa = PBXBuildFile; fileRef = 62C34E311F06216D0078D5F8 /* CourseDetailFooterCell.swift */; };
		62C7867E1EFB98AE00CB28ED /* Assignment.swift in Sources */ = {isa = PBXBuildFile; fileRef = 62C7867D1EFB98AE00CB28ED /* Assignment.swift */; };
		62C786801EFB998D00CB28ED /* Subject.swift in Sources */ = {isa = PBXBuildFile; fileRef = 62C7867F1EFB998D00CB28ED /* Subject.swift */; };
		62C786821EFBA46000CB28ED /* PeriodGradeListItem.xib in Resources */ = {isa = PBXBuildFile; fileRef = 62C786811EFBA46000CB28ED /* PeriodGradeListItem.xib */; };
		62CFC9921EFA9940002B4A8D /* AppDelegate.swift in Sources */ = {isa = PBXBuildFile; fileRef = 62CFC9911EFA9940002B4A8D /* AppDelegate.swift */; };
		62CFC9941EFA9940002B4A8D /* CourseDetailTableViewController.swift in Sources */ = {isa = PBXBuildFile; fileRef = 62CFC9931EFA9940002B4A8D /* CourseDetailTableViewController.swift */; };
		62CFC9991EFA9940002B4A8D /* Assets.xcassets in Resources */ = {isa = PBXBuildFile; fileRef = 62CFC9981EFA9940002B4A8D /* Assets.xcassets */; };
		62CFC99C1EFA9940002B4A8D /* LaunchScreen.storyboard in Resources */ = {isa = PBXBuildFile; fileRef = 62CFC99A1EFA9940002B4A8D /* LaunchScreen.storyboard */; };
		62CFC9A71EFA9940002B4A8D /* SchoolPowerTests.swift in Sources */ = {isa = PBXBuildFile; fileRef = 62CFC9A61EFA9940002B4A8D /* SchoolPowerTests.swift */; };
		62CFC9B21EFA9940002B4A8D /* SchoolPowerUITests.swift in Sources */ = {isa = PBXBuildFile; fileRef = 62CFC9B11EFA9940002B4A8D /* SchoolPowerUITests.swift */; };
		62CFC9C01EFA996C002B4A8D /* DashboardCell.swift in Sources */ = {isa = PBXBuildFile; fileRef = 62CFC9BF1EFA996C002B4A8D /* DashboardCell.swift */; };
		62CFC9C21EFA9972002B4A8D /* MainTableViewController.swift in Sources */ = {isa = PBXBuildFile; fileRef = 62CFC9C11EFA9972002B4A8D /* MainTableViewController.swift */; };
		62FC12761FADAA4500BCD79D /* AttendanceTableViewController.swift in Sources */ = {isa = PBXBuildFile; fileRef = 62FC12751FADAA4500BCD79D /* AttendanceTableViewController.swift */; };
		62FC12781FADB6AC00BCD79D /* AttendanceCell.swift in Sources */ = {isa = PBXBuildFile; fileRef = 62FC12771FADB6AC00BCD79D /* AttendanceCell.swift */; };
		62FC127A1FADBC3000BCD79D /* Attendance.swift in Sources */ = {isa = PBXBuildFile; fileRef = 62FC12791FADBC3000BCD79D /* Attendance.swift */; };
		62FD1F8B1F288FC60097A696 /* GPADialog.xib in Resources */ = {isa = PBXBuildFile; fileRef = 62FD1F8A1F288FC60097A696 /* GPADialog.xib */; };
		62FD1F8D1F2891D10097A696 /* GPADialog.swift in Sources */ = {isa = PBXBuildFile; fileRef = 62FD1F8C1F2891D10097A696 /* GPADialog.swift */; };
		62FD1FA51F28F0BD0097A696 /* MKRingProgressGroupView.swift in Sources */ = {isa = PBXBuildFile; fileRef = 62FD1FA31F28F0BD0097A696 /* MKRingProgressGroupView.swift */; };
		62FD1FA61F28F0BD0097A696 /* MKRingProgressGroupButton.swift in Sources */ = {isa = PBXBuildFile; fileRef = 62FD1FA41F28F0BD0097A696 /* MKRingProgressGroupButton.swift */; };
		967E2B0F6E4AFA12D7421ACD /* Pods_SchoolPower.framework in Frameworks */ = {isa = PBXBuildFile; fileRef = 0716409FF68D18F6B2A17B63 /* Pods_SchoolPower.framework */; };
/* End PBXBuildFile section */

/* Begin PBXContainerItemProxy section */
		62CFC9A31EFA9940002B4A8D /* PBXContainerItemProxy */ = {
			isa = PBXContainerItemProxy;
			containerPortal = 62CFC9861EFA9940002B4A8D /* Project object */;
			proxyType = 1;
			remoteGlobalIDString = 62CFC98D1EFA9940002B4A8D;
			remoteInfo = SchoolPower;
		};
		62CFC9AE1EFA9940002B4A8D /* PBXContainerItemProxy */ = {
			isa = PBXContainerItemProxy;
			containerPortal = 62CFC9861EFA9940002B4A8D /* Project object */;
			proxyType = 1;
			remoteGlobalIDString = 62CFC98D1EFA9940002B4A8D;
			remoteInfo = SchoolPower;
		};
/* End PBXContainerItemProxy section */

/* Begin PBXCopyFilesBuildPhase section */
		62AA4E2F1F028537009C8CFC /* Embed Frameworks */ = {
			isa = PBXCopyFilesBuildPhase;
			buildActionMask = 2147483647;
			dstPath = "";
			dstSubfolderSpec = 10;
			files = (
			);
			name = "Embed Frameworks";
			runOnlyForDeploymentPostprocessing = 0;
		};
/* End PBXCopyFilesBuildPhase section */

/* Begin PBXFileReference section */
		0716409FF68D18F6B2A17B63 /* Pods_SchoolPower.framework */ = {isa = PBXFileReference; explicitFileType = wrapper.framework; includeInIndex = 0; path = Pods_SchoolPower.framework; sourceTree = BUILT_PRODUCTS_DIR; };
		198A4214FD36B15B97C39F02 /* Pods-SchoolPower.debug.xcconfig */ = {isa = PBXFileReference; includeInIndex = 1; lastKnownFileType = text.xcconfig; name = "Pods-SchoolPower.debug.xcconfig"; path = "Pods/Target Support Files/Pods-SchoolPower/Pods-SchoolPower.debug.xcconfig"; sourceTree = "<group>"; };
		2705427B1F0882420002C7BE /* Pods-SchoolPower-acknowledgements.plist */ = {isa = PBXFileReference; fileEncoding = 4; lastKnownFileType = text.plist.xml; name = "Pods-SchoolPower-acknowledgements.plist"; path = "../Pods/Target Support Files/Pods-SchoolPower/Pods-SchoolPower-acknowledgements.plist"; sourceTree = "<group>"; };
		2705427D1F0887880002C7BE /* AboutViewController.swift */ = {isa = PBXFileReference; fileEncoding = 4; lastKnownFileType = sourcecode.swift; path = AboutViewController.swift; sourceTree = "<group>"; };
		6201D31420138A9600A9255C /* AssignmentDialog.xib */ = {isa = PBXFileReference; lastKnownFileType = file.xib; path = AssignmentDialog.xib; sourceTree = "<group>"; };
		6201D3162013932300A9255C /* AssignmentFlagListItem.xib */ = {isa = PBXFileReference; lastKnownFileType = file.xib; path = AssignmentFlagListItem.xib; sourceTree = "<group>"; };
		6201D3182013938E00A9255C /* AssignmentDialog.swift */ = {isa = PBXFileReference; lastKnownFileType = sourcecode.swift; path = AssignmentDialog.swift; sourceTree = "<group>"; };
		6204A07B1F39E5A9004B2118 /* NothingView.xib */ = {isa = PBXFileReference; fileEncoding = 4; lastKnownFileType = file.xib; path = NothingView.xib; sourceTree = "<group>"; };
		6204A07D1F39E5CE004B2118 /* NothingView.swift */ = {isa = PBXFileReference; fileEncoding = 4; lastKnownFileType = sourcecode.swift; path = NothingView.swift; sourceTree = "<group>"; };
		6205B9151FDB77CD00A124E0 /* TermDialog.xib */ = {isa = PBXFileReference; lastKnownFileType = file.xib; path = TermDialog.xib; sourceTree = "<group>"; };
		6205B9171FDB80F400A124E0 /* TermDialog.swift */ = {isa = PBXFileReference; lastKnownFileType = sourcecode.swift; path = TermDialog.swift; sourceTree = "<group>"; };
		6207CEC7210A00C0001FC013 /* cheer.json */ = {isa = PBXFileReference; fileEncoding = 4; lastKnownFileType = text.json; path = cheer.json; sourceTree = "<group>"; };
		6207CEC8210A00C5001FC013 /* gift_box.json */ = {isa = PBXFileReference; fileEncoding = 4; lastKnownFileType = text.json; path = gift_box.json; sourceTree = "<group>"; };
		6207CECB210A0F42001FC013 /* BirthdayDialog.xib */ = {isa = PBXFileReference; lastKnownFileType = file.xib; path = BirthdayDialog.xib; sourceTree = "<group>"; };
		6209FFC620DB2B1900B96754 /* BarChartViewController.swift */ = {isa = PBXFileReference; lastKnownFileType = sourcecode.swift; path = BarChartViewController.swift; sourceTree = "<group>"; };
		6209FFC820DB2CBD00B96754 /* LineChartViewController.swift */ = {isa = PBXFileReference; lastKnownFileType = sourcecode.swift; path = LineChartViewController.swift; sourceTree = "<group>"; };
		6209FFCA20DB3CAE00B96754 /* RadarChartViewController.swift */ = {isa = PBXFileReference; lastKnownFileType = sourcecode.swift; path = RadarChartViewController.swift; sourceTree = "<group>"; };
		620D465B1F85D0A500280320 /* SchoolPower.entitlements */ = {isa = PBXFileReference; lastKnownFileType = text.plist.entitlements; path = SchoolPower.entitlements; sourceTree = "<group>"; };
		6218E23720E5D7A9005CBCED /* SupportViewController.swift */ = {isa = PBXFileReference; lastKnownFileType = sourcecode.swift; path = SupportViewController.swift; sourceTree = "<group>"; };
		6218E23920E5D83F005CBCED /* PromotionViewController.swift */ = {isa = PBXFileReference; lastKnownFileType = sourcecode.swift; path = PromotionViewController.swift; sourceTree = "<group>"; };
		6218E23B20E5D853005CBCED /* DonationViewController.swift */ = {isa = PBXFileReference; lastKnownFileType = sourcecode.swift; path = DonationViewController.swift; sourceTree = "<group>"; };
		621DA1B61EFD01A300EFAB5A /* Utils.swift */ = {isa = PBXFileReference; fileEncoding = 4; lastKnownFileType = sourcecode.swift; lineEnding = 0; path = Utils.swift; sourceTree = "<group>"; xcLanguageSpecificationIdentifier = xcode.lang.swift; };
		622248B6210A14A200E7762E /* BirthdayDialog.swift */ = {isa = PBXFileReference; lastKnownFileType = sourcecode.swift; path = BirthdayDialog.swift; sourceTree = "<group>"; };
		622248B8210B6D0900E7762E /* CryptoDialog.xib */ = {isa = PBXFileReference; lastKnownFileType = file.xib; path = CryptoDialog.xib; sourceTree = "<group>"; };
		622248BA210B6E9000E7762E /* CryptoDialog.swift */ = {isa = PBXFileReference; lastKnownFileType = sourcecode.swift; path = CryptoDialog.swift; sourceTree = "<group>"; };
		62245FC220FB4F770093E813 /* SchoolPower-Bridging-Header.h */ = {isa = PBXFileReference; lastKnownFileType = sourcecode.c.h; path = "SchoolPower-Bridging-Header.h"; sourceTree = "<group>"; };
		62245FC320FB4F770093E813 /* InstructionViewController.m */ = {isa = PBXFileReference; lastKnownFileType = sourcecode.c.objc; path = InstructionViewController.m; sourceTree = "<group>"; };
		62245FC520FB4FC20093E813 /* InstructionViewController.h */ = {isa = PBXFileReference; lastKnownFileType = sourcecode.c.h; path = InstructionViewController.h; sourceTree = "<group>"; };
		62245FC720FB51A40093E813 /* OnboardingContentViewController.h */ = {isa = PBXFileReference; fileEncoding = 4; lastKnownFileType = sourcecode.c.h; name = OnboardingContentViewController.h; path = SchoolPower/OnboardingContentViewController.h; sourceTree = SOURCE_ROOT; };
		62245FC820FB51A40093E813 /* OnboardingContentViewController.m */ = {isa = PBXFileReference; fileEncoding = 4; lastKnownFileType = sourcecode.c.objc; name = OnboardingContentViewController.m; path = SchoolPower/OnboardingContentViewController.m; sourceTree = SOURCE_ROOT; };
		62368CA41F88825000519608 /* MessageUI.framework */ = {isa = PBXFileReference; lastKnownFileType = wrapper.framework; name = MessageUI.framework; path = System/Library/Frameworks/MessageUI.framework; sourceTree = SDKROOT; };
		62377E9221044171004DE715 /* TouchThroughCard.swift */ = {isa = PBXFileReference; lastKnownFileType = sourcecode.swift; path = TouchThroughCard.swift; sourceTree = "<group>"; };
		62377E9621047F91004DE715 /* transtr.py */ = {isa = PBXFileReference; fileEncoding = 4; lastKnownFileType = text.script.python; path = transtr.py; sourceTree = "<group>"; };
		624BDC201EFE2F6A0052EC5D /* AssignmentCell.swift */ = {isa = PBXFileReference; fileEncoding = 4; lastKnownFileType = sourcecode.swift; lineEnding = 0; path = AssignmentCell.swift; sourceTree = "<group>"; xcLanguageSpecificationIdentifier = xcode.lang.swift; };
		624BDC221EFE46110052EC5D /* Colors.swift */ = {isa = PBXFileReference; fileEncoding = 4; lastKnownFileType = sourcecode.swift; path = Colors.swift; sourceTree = "<group>"; };
		624BDC521EFE77440052EC5D /* CourseDetailHeaderCell.swift */ = {isa = PBXFileReference; fileEncoding = 4; lastKnownFileType = sourcecode.swift; lineEnding = 0; path = CourseDetailHeaderCell.swift; sourceTree = "<group>"; xcLanguageSpecificationIdentifier = xcode.lang.swift; };
		624CDDE620143E0200BDED7C /* AssignmentFlagCollectionCell.xib */ = {isa = PBXFileReference; lastKnownFileType = file.xib; path = AssignmentFlagCollectionCell.xib; sourceTree = "<group>"; };
		6271028B1F6FDDBA00676290 /* StudentInformation.swift */ = {isa = PBXFileReference; fileEncoding = 4; lastKnownFileType = sourcecode.swift; path = StudentInformation.swift; sourceTree = "<group>"; };
		627F928521007DC9001F953B /* DonateDialog.xib */ = {isa = PBXFileReference; lastKnownFileType = file.xib; path = DonateDialog.xib; sourceTree = "<group>"; };
		627F928721008677001F953B /* DonationDialog.swift */ = {isa = PBXFileReference; lastKnownFileType = sourcecode.swift; path = DonationDialog.swift; sourceTree = "<group>"; };
		627F9289210090DF001F953B /* FoldingCell.swift */ = {isa = PBXFileReference; lastKnownFileType = sourcecode.swift; path = FoldingCell.swift; sourceTree = "<group>"; };
		628721E920CF38F100B9FE33 /* ThemeManager.swift */ = {isa = PBXFileReference; lastKnownFileType = sourcecode.swift; path = ThemeManager.swift; sourceTree = "<group>"; };
		62953B0720D091B0003D681F /* AccentColorViewController.swift */ = {isa = PBXFileReference; lastKnownFileType = sourcecode.swift; path = AccentColorViewController.swift; sourceTree = "<group>"; };
		62953B0920D0B869003D681F /* AccentColorCell.xib */ = {isa = PBXFileReference; lastKnownFileType = file.xib; path = AccentColorCell.xib; sourceTree = "<group>"; };
		6297EC1F1FF0BFA5003E8F1C /* SelectSubjectTableViewController.swift */ = {isa = PBXFileReference; lastKnownFileType = sourcecode.swift; path = SelectSubjectTableViewController.swift; sourceTree = "<group>"; };
		6297EC211FF0BFBB003E8F1C /* CalculateRuleTableViewController.swift */ = {isa = PBXFileReference; lastKnownFileType = sourcecode.swift; path = CalculateRuleTableViewController.swift; sourceTree = "<group>"; };
		6297EC231FF0FC16003E8F1C /* GPADialigUtil.swift */ = {isa = PBXFileReference; lastKnownFileType = sourcecode.swift; path = GPADialigUtil.swift; sourceTree = "<group>"; };
		62A8FA431EFB66DA00751ACD /* Podfile */ = {isa = PBXFileReference; fileEncoding = 4; lastKnownFileType = text; name = Podfile; path = ../Podfile; sourceTree = "<group>"; xcLanguageSpecificationIdentifier = xcode.lang.ruby; };
		62AA4E391F033B57009C8CFC /* AppNavigationDrawerController.swift */ = {isa = PBXFileReference; fileEncoding = 4; lastKnownFileType = sourcecode.swift; path = AppNavigationDrawerController.swift; sourceTree = "<group>"; };
		62AA4E3A1F033B57009C8CFC /* LeftViewController.swift */ = {isa = PBXFileReference; fileEncoding = 4; lastKnownFileType = sourcecode.swift; path = LeftViewController.swift; sourceTree = "<group>"; };
		62AA4E3B1F033B57009C8CFC /* ChartsViewController.swift */ = {isa = PBXFileReference; fileEncoding = 4; lastKnownFileType = sourcecode.swift; lineEnding = 0; path = ChartsViewController.swift; sourceTree = "<group>"; xcLanguageSpecificationIdentifier = xcode.lang.swift; };
		62C34DF41F035F340078D5F8 /* DrawerFragmentCell.swift */ = {isa = PBXFileReference; fileEncoding = 4; lastKnownFileType = sourcecode.swift; lineEnding = 0; path = DrawerFragmentCell.swift; sourceTree = "<group>"; xcLanguageSpecificationIdentifier = xcode.lang.swift; };
		62C34DFD1F03BCC10078D5F8 /* SettingsViewController.swift */ = {isa = PBXFileReference; fileEncoding = 4; lastKnownFileType = sourcecode.swift; lineEnding = 0; path = SettingsViewController.swift; sourceTree = "<group>"; xcLanguageSpecificationIdentifier = xcode.lang.swift; };
		62C34DFF1F03C9C10078D5F8 /* SettingsCell.swift */ = {isa = PBXFileReference; fileEncoding = 4; lastKnownFileType = sourcecode.swift; path = SettingsCell.swift; sourceTree = "<group>"; };
		62C34E041F03DF080078D5F8 /* LanguageTableViewController.swift */ = {isa = PBXFileReference; fileEncoding = 4; lastKnownFileType = sourcecode.swift; path = LanguageTableViewController.swift; sourceTree = "<group>"; };
		62C34E061F03EC470078D5F8 /* DashboardDisplaysTableViewController.swift */ = {isa = PBXFileReference; fileEncoding = 4; lastKnownFileType = sourcecode.swift; lineEnding = 0; path = DashboardDisplaysTableViewController.swift; sourceTree = "<group>"; xcLanguageSpecificationIdentifier = xcode.lang.swift; };
		62C34E081F0482050078D5F8 /* LoginViewController.swift */ = {isa = PBXFileReference; fileEncoding = 4; lastKnownFileType = sourcecode.swift; lineEnding = 0; path = LoginViewController.swift; sourceTree = "<group>"; xcLanguageSpecificationIdentifier = xcode.lang.swift; };
		62C34E131F05F2280078D5F8 /* Base */ = {isa = PBXFileReference; lastKnownFileType = file.storyboard; name = Base; path = Base.lproj/Main.storyboard; sourceTree = "<group>"; };
		62C34E161F05F22E0078D5F8 /* Base */ = {isa = PBXFileReference; lastKnownFileType = file.storyboard; name = Base; path = Base.lproj/Settings.storyboard; sourceTree = "<group>"; };
		62C34E2A1F05F5A70078D5F8 /* zh-Hant */ = {isa = PBXFileReference; lastKnownFileType = text.plist.strings; lineEnding = 0; name = "zh-Hant"; path = "zh-Hant.lproj/Localizable.strings"; sourceTree = "<group>"; xcLanguageSpecificationIdentifier = xcode.lang.simpleColoring; };
		62C34E2C1F05FAAD0078D5F8 /* DGLocalization.swift */ = {isa = PBXFileReference; fileEncoding = 4; lastKnownFileType = sourcecode.swift; path = DGLocalization.swift; sourceTree = "<group>"; };
		62C34E2F1F05FD6B0078D5F8 /* en */ = {isa = PBXFileReference; lastKnownFileType = text.plist.strings; lineEnding = 0; name = en; path = en.lproj/Localizable.strings; sourceTree = "<group>"; xcLanguageSpecificationIdentifier = xcode.lang.simpleColoring; };
		62C34E301F0608640078D5F8 /* zh-Hans */ = {isa = PBXFileReference; lastKnownFileType = text.plist.strings; lineEnding = 0; name = "zh-Hans"; path = "zh-Hans.lproj/Localizable.strings"; sourceTree = "<group>"; xcLanguageSpecificationIdentifier = xcode.lang.simpleColoring; };
		62C34E311F06216D0078D5F8 /* CourseDetailFooterCell.swift */ = {isa = PBXFileReference; fileEncoding = 4; lastKnownFileType = sourcecode.swift; path = CourseDetailFooterCell.swift; sourceTree = "<group>"; };
		62C7867D1EFB98AE00CB28ED /* Assignment.swift */ = {isa = PBXFileReference; fileEncoding = 4; lastKnownFileType = sourcecode.swift; path = Assignment.swift; sourceTree = "<group>"; };
		62C7867F1EFB998D00CB28ED /* Subject.swift */ = {isa = PBXFileReference; fileEncoding = 4; lastKnownFileType = sourcecode.swift; path = Subject.swift; sourceTree = "<group>"; };
		62C786811EFBA46000CB28ED /* PeriodGradeListItem.xib */ = {isa = PBXFileReference; fileEncoding = 4; lastKnownFileType = file.xib; path = PeriodGradeListItem.xib; sourceTree = "<group>"; };
		62CFC98E1EFA9940002B4A8D /* SchoolPower.app */ = {isa = PBXFileReference; explicitFileType = wrapper.application; includeInIndex = 0; path = SchoolPower.app; sourceTree = BUILT_PRODUCTS_DIR; };
		62CFC9911EFA9940002B4A8D /* AppDelegate.swift */ = {isa = PBXFileReference; lastKnownFileType = sourcecode.swift; path = AppDelegate.swift; sourceTree = "<group>"; };
		62CFC9931EFA9940002B4A8D /* CourseDetailTableViewController.swift */ = {isa = PBXFileReference; lastKnownFileType = sourcecode.swift; lineEnding = 0; path = CourseDetailTableViewController.swift; sourceTree = "<group>"; xcLanguageSpecificationIdentifier = xcode.lang.swift; };
		62CFC9981EFA9940002B4A8D /* Assets.xcassets */ = {isa = PBXFileReference; lastKnownFileType = folder.assetcatalog; path = Assets.xcassets; sourceTree = "<group>"; };
		62CFC99B1EFA9940002B4A8D /* Base */ = {isa = PBXFileReference; lastKnownFileType = file.storyboard; name = Base; path = Base.lproj/LaunchScreen.storyboard; sourceTree = "<group>"; };
		62CFC99D1EFA9940002B4A8D /* Info.plist */ = {isa = PBXFileReference; lastKnownFileType = text.plist.xml; path = Info.plist; sourceTree = "<group>"; };
		62CFC9A21EFA9940002B4A8D /* SchoolPowerTests.xctest */ = {isa = PBXFileReference; explicitFileType = wrapper.cfbundle; includeInIndex = 0; path = SchoolPowerTests.xctest; sourceTree = BUILT_PRODUCTS_DIR; };
		62CFC9A61EFA9940002B4A8D /* SchoolPowerTests.swift */ = {isa = PBXFileReference; lastKnownFileType = sourcecode.swift; path = SchoolPowerTests.swift; sourceTree = "<group>"; };
		62CFC9A81EFA9940002B4A8D /* Info.plist */ = {isa = PBXFileReference; lastKnownFileType = text.plist.xml; path = Info.plist; sourceTree = "<group>"; };
		62CFC9AD1EFA9940002B4A8D /* SchoolPowerUITests.xctest */ = {isa = PBXFileReference; explicitFileType = wrapper.cfbundle; includeInIndex = 0; path = SchoolPowerUITests.xctest; sourceTree = BUILT_PRODUCTS_DIR; };
		62CFC9B11EFA9940002B4A8D /* SchoolPowerUITests.swift */ = {isa = PBXFileReference; lastKnownFileType = sourcecode.swift; path = SchoolPowerUITests.swift; sourceTree = "<group>"; };
		62CFC9B31EFA9940002B4A8D /* Info.plist */ = {isa = PBXFileReference; lastKnownFileType = text.plist.xml; path = Info.plist; sourceTree = "<group>"; };
		62CFC9BF1EFA996C002B4A8D /* DashboardCell.swift */ = {isa = PBXFileReference; fileEncoding = 4; lastKnownFileType = sourcecode.swift; lineEnding = 0; path = DashboardCell.swift; sourceTree = "<group>"; xcLanguageSpecificationIdentifier = xcode.lang.swift; };
		62CFC9C11EFA9972002B4A8D /* MainTableViewController.swift */ = {isa = PBXFileReference; fileEncoding = 4; lastKnownFileType = sourcecode.swift; path = MainTableViewController.swift; sourceTree = "<group>"; wrapsLines = 1; };
		62FC12751FADAA4500BCD79D /* AttendanceTableViewController.swift */ = {isa = PBXFileReference; lastKnownFileType = sourcecode.swift; path = AttendanceTableViewController.swift; sourceTree = "<group>"; };
		62FC12771FADB6AC00BCD79D /* AttendanceCell.swift */ = {isa = PBXFileReference; lastKnownFileType = sourcecode.swift; path = AttendanceCell.swift; sourceTree = "<group>"; };
		62FC12791FADBC3000BCD79D /* Attendance.swift */ = {isa = PBXFileReference; lastKnownFileType = sourcecode.swift; path = Attendance.swift; sourceTree = "<group>"; };
		62FD1F8A1F288FC60097A696 /* GPADialog.xib */ = {isa = PBXFileReference; fileEncoding = 4; lastKnownFileType = file.xib; path = GPADialog.xib; sourceTree = "<group>"; };
		62FD1F8C1F2891D10097A696 /* GPADialog.swift */ = {isa = PBXFileReference; fileEncoding = 4; lastKnownFileType = sourcecode.swift; path = GPADialog.swift; sourceTree = "<group>"; };
		62FD1FA31F28F0BD0097A696 /* MKRingProgressGroupView.swift */ = {isa = PBXFileReference; fileEncoding = 4; lastKnownFileType = sourcecode.swift; path = MKRingProgressGroupView.swift; sourceTree = "<group>"; };
		62FD1FA41F28F0BD0097A696 /* MKRingProgressGroupButton.swift */ = {isa = PBXFileReference; fileEncoding = 4; lastKnownFileType = sourcecode.swift; path = MKRingProgressGroupButton.swift; sourceTree = "<group>"; };
		AF182FAFC8DA239CF1FB62B9 /* Pods-SchoolPower.release.xcconfig */ = {isa = PBXFileReference; includeInIndex = 1; lastKnownFileType = text.xcconfig; name = "Pods-SchoolPower.release.xcconfig"; path = "Pods/Target Support Files/Pods-SchoolPower/Pods-SchoolPower.release.xcconfig"; sourceTree = "<group>"; };
/* End PBXFileReference section */

/* Begin PBXFrameworksBuildPhase section */
		62CFC98B1EFA9940002B4A8D /* Frameworks */ = {
			isa = PBXFrameworksBuildPhase;
			buildActionMask = 2147483647;
			files = (
				62368CA51F88825000519608 /* MessageUI.framework in Frameworks */,
				967E2B0F6E4AFA12D7421ACD /* Pods_SchoolPower.framework in Frameworks */,
			);
			runOnlyForDeploymentPostprocessing = 0;
		};
		62CFC99F1EFA9940002B4A8D /* Frameworks */ = {
			isa = PBXFrameworksBuildPhase;
			buildActionMask = 2147483647;
			files = (
			);
			runOnlyForDeploymentPostprocessing = 0;
		};
		62CFC9AA1EFA9940002B4A8D /* Frameworks */ = {
			isa = PBXFrameworksBuildPhase;
			buildActionMask = 2147483647;
			files = (
			);
			runOnlyForDeploymentPostprocessing = 0;
		};
/* End PBXFrameworksBuildPhase section */

/* Begin PBXGroup section */
		48B1477E4041E727FB2F12C4 /* Frameworks */ = {
			isa = PBXGroup;
			children = (
				62368CA41F88825000519608 /* MessageUI.framework */,
				0716409FF68D18F6B2A17B63 /* Pods_SchoolPower.framework */,
			);
			name = Frameworks;
			sourceTree = "<group>";
		};
		6209FFC520DB2AFB00B96754 /* Charts */ = {
			isa = PBXGroup;
			children = (
				62AA4E3B1F033B57009C8CFC /* ChartsViewController.swift */,
				6209FFC620DB2B1900B96754 /* BarChartViewController.swift */,
				6209FFC820DB2CBD00B96754 /* LineChartViewController.swift */,
				6209FFCA20DB3CAE00B96754 /* RadarChartViewController.swift */,
			);
			name = Charts;
			sourceTree = "<group>";
		};
		6218E23620E5D769005CBCED /* Supports */ = {
			isa = PBXGroup;
			children = (
				6218E23720E5D7A9005CBCED /* SupportViewController.swift */,
				6218E23920E5D83F005CBCED /* PromotionViewController.swift */,
				6218E23B20E5D853005CBCED /* DonationViewController.swift */,
				62245FC620FB51680093E813 /* Instruction */,
			);
			name = Supports;
			sourceTree = "<group>";
		};
		621DA1B91EFD053100EFAB5A /* Utils */ = {
			isa = PBXGroup;
			children = (
				621DA1B61EFD01A300EFAB5A /* Utils.swift */,
				624BDC221EFE46110052EC5D /* Colors.swift */,
				6297EC231FF0FC16003E8F1C /* GPADialigUtil.swift */,
				628721E920CF38F100B9FE33 /* ThemeManager.swift */,
			);
			name = Utils;
			sourceTree = "<group>";
		};
		62245FC620FB51680093E813 /* Instruction */ = {
			isa = PBXGroup;
			children = (
				62245FC720FB51A40093E813 /* OnboardingContentViewController.h */,
				62245FC820FB51A40093E813 /* OnboardingContentViewController.m */,
				62245FC320FB4F770093E813 /* InstructionViewController.m */,
				62245FC520FB4FC20093E813 /* InstructionViewController.h */,
			);
			name = Instruction;
			sourceTree = "<group>";
		};
		628EF6401EFB302F008E0C4D /* ViewControllers */ = {
			isa = PBXGroup;
			children = (
				62C34E081F0482050078D5F8 /* LoginViewController.swift */,
				62CFC9C11EFA9972002B4A8D /* MainTableViewController.swift */,
				62CFC9931EFA9940002B4A8D /* CourseDetailTableViewController.swift */,
				62AA4E3A1F033B57009C8CFC /* LeftViewController.swift */,
				62FC12751FADAA4500BCD79D /* AttendanceTableViewController.swift */,
				2705427D1F0887880002C7BE /* AboutViewController.swift */,
				62AA4E391F033B57009C8CFC /* AppNavigationDrawerController.swift */,
				6209FFC520DB2AFB00B96754 /* Charts */,
				6218E23620E5D769005CBCED /* Supports */,
				62FD1FA71F28F0EC0097A696 /* RingProcessView */,
				62C34E031F03DEE30078D5F8 /* Settings */,
			);
			name = ViewControllers;
			sourceTree = "<group>";
		};
		628EF6411EFB3044008E0C4D /* Storyboards */ = {
			isa = PBXGroup;
			children = (
				62C34E141F05F2280078D5F8 /* Main.storyboard */,
				62C34E171F05F22E0078D5F8 /* Settings.storyboard */,
				62CFC99A1EFA9940002B4A8D /* LaunchScreen.storyboard */,
				62C786811EFBA46000CB28ED /* PeriodGradeListItem.xib */,
				6201D3162013932300A9255C /* AssignmentFlagListItem.xib */,
				624CDDE620143E0200BDED7C /* AssignmentFlagCollectionCell.xib */,
				62FD1F8A1F288FC60097A696 /* GPADialog.xib */,
				6205B9151FDB77CD00A124E0 /* TermDialog.xib */,
				6201D31420138A9600A9255C /* AssignmentDialog.xib */,
				6204A07B1F39E5A9004B2118 /* NothingView.xib */,
				62953B0920D0B869003D681F /* AccentColorCell.xib */,
				627F928521007DC9001F953B /* DonateDialog.xib */,
				6207CECB210A0F42001FC013 /* BirthdayDialog.xib */,
				622248B8210B6D0900E7762E /* CryptoDialog.xib */,
			);
			name = Storyboards;
			sourceTree = "<group>";
		};
		628EF6421EFB307F008E0C4D /* Resources */ = {
			isa = PBXGroup;
			children = (
				62CFC9911EFA9940002B4A8D /* AppDelegate.swift */,
				62245FC220FB4F770093E813 /* SchoolPower-Bridging-Header.h */,
				62C34E2C1F05FAAD0078D5F8 /* DGLocalization.swift */,
				2705427B1F0882420002C7BE /* Pods-SchoolPower-acknowledgements.plist */,
				62CFC9981EFA9940002B4A8D /* Assets.xcassets */,
				6207CEC7210A00C0001FC013 /* cheer.json */,
				6207CEC8210A00C5001FC013 /* gift_box.json */,
				62377E9621047F91004DE715 /* transtr.py */,
				620D465B1F85D0A500280320 /* SchoolPower.entitlements */,
				62CFC99D1EFA9940002B4A8D /* Info.plist */,
				62A8FA431EFB66DA00751ACD /* Podfile */,
			);
			name = Resources;
			sourceTree = "<group>";
		};
		628EF6431EFB30E2008E0C4D /* Classes */ = {
			isa = PBXGroup;
			children = (
				62C786791EFB956400CB28ED /* Cells */,
				62C7867A1EFB956F00CB28ED /* Items */,
			);
			name = Classes;
			sourceTree = "<group>";
		};
		62C34E031F03DEE30078D5F8 /* Settings */ = {
			isa = PBXGroup;
			children = (
				62C34DFD1F03BCC10078D5F8 /* SettingsViewController.swift */,
				62C34E041F03DF080078D5F8 /* LanguageTableViewController.swift */,
				62C34E061F03EC470078D5F8 /* DashboardDisplaysTableViewController.swift */,
				6297EC1F1FF0BFA5003E8F1C /* SelectSubjectTableViewController.swift */,
				6297EC211FF0BFBB003E8F1C /* CalculateRuleTableViewController.swift */,
				62953B0720D091B0003D681F /* AccentColorViewController.swift */,
			);
			name = Settings;
			sourceTree = "<group>";
		};
		62C786791EFB956400CB28ED /* Cells */ = {
			isa = PBXGroup;
			children = (
				62CFC9BF1EFA996C002B4A8D /* DashboardCell.swift */,
				627F9289210090DF001F953B /* FoldingCell.swift */,
				624BDC201EFE2F6A0052EC5D /* AssignmentCell.swift */,
				624BDC521EFE77440052EC5D /* CourseDetailHeaderCell.swift */,
				62C34E311F06216D0078D5F8 /* CourseDetailFooterCell.swift */,
				62FC12771FADB6AC00BCD79D /* AttendanceCell.swift */,
				62C34DF41F035F340078D5F8 /* DrawerFragmentCell.swift */,
				62C34DFF1F03C9C10078D5F8 /* SettingsCell.swift */,
				62FD1F8C1F2891D10097A696 /* GPADialog.swift */,
				6205B9171FDB80F400A124E0 /* TermDialog.swift */,
				6201D3182013938E00A9255C /* AssignmentDialog.swift */,
				6204A07D1F39E5CE004B2118 /* NothingView.swift */,
				627F928721008677001F953B /* DonationDialog.swift */,
				62377E9221044171004DE715 /* TouchThroughCard.swift */,
				622248B6210A14A200E7762E /* BirthdayDialog.swift */,
				622248BA210B6E9000E7762E /* CryptoDialog.swift */,
			);
			name = Cells;
			sourceTree = "<group>";
		};
		62C7867A1EFB956F00CB28ED /* Items */ = {
			isa = PBXGroup;
			children = (
				62C7867D1EFB98AE00CB28ED /* Assignment.swift */,
				62C7867F1EFB998D00CB28ED /* Subject.swift */,
				6271028B1F6FDDBA00676290 /* StudentInformation.swift */,
				62FC12791FADBC3000BCD79D /* Attendance.swift */,
			);
			name = Items;
			sourceTree = "<group>";
		};
		62CFC9851EFA9940002B4A8D = {
			isa = PBXGroup;
			children = (
				62CFC9901EFA9940002B4A8D /* SchoolPower */,
				62CFC9A51EFA9940002B4A8D /* SchoolPowerTests */,
				62CFC9B01EFA9940002B4A8D /* SchoolPowerUITests */,
				62CFC98F1EFA9940002B4A8D /* Products */,
				48B1477E4041E727FB2F12C4 /* Frameworks */,
				80120C805A829899C9D537C1 /* Pods */,
			);
			sourceTree = "<group>";
		};
		62CFC98F1EFA9940002B4A8D /* Products */ = {
			isa = PBXGroup;
			children = (
				62CFC98E1EFA9940002B4A8D /* SchoolPower.app */,
				62CFC9A21EFA9940002B4A8D /* SchoolPowerTests.xctest */,
				62CFC9AD1EFA9940002B4A8D /* SchoolPowerUITests.xctest */,
			);
			name = Products;
			sourceTree = "<group>";
		};
		62CFC9901EFA9940002B4A8D /* SchoolPower */ = {
			isa = PBXGroup;
			children = (
				628EF6401EFB302F008E0C4D /* ViewControllers */,
				628EF6431EFB30E2008E0C4D /* Classes */,
				628EF6411EFB3044008E0C4D /* Storyboards */,
				621DA1B91EFD053100EFAB5A /* Utils */,
				628EF6421EFB307F008E0C4D /* Resources */,
				62C34E271F05F5990078D5F8 /* Localizable.strings */,
			);
			path = SchoolPower;
			sourceTree = "<group>";
		};
		62CFC9A51EFA9940002B4A8D /* SchoolPowerTests */ = {
			isa = PBXGroup;
			children = (
				62CFC9A61EFA9940002B4A8D /* SchoolPowerTests.swift */,
				62CFC9A81EFA9940002B4A8D /* Info.plist */,
			);
			path = SchoolPowerTests;
			sourceTree = "<group>";
		};
		62CFC9B01EFA9940002B4A8D /* SchoolPowerUITests */ = {
			isa = PBXGroup;
			children = (
				62CFC9B11EFA9940002B4A8D /* SchoolPowerUITests.swift */,
				62CFC9B31EFA9940002B4A8D /* Info.plist */,
			);
			path = SchoolPowerUITests;
			sourceTree = "<group>";
		};
		62FD1FA71F28F0EC0097A696 /* RingProcessView */ = {
			isa = PBXGroup;
			children = (
				62FD1FA31F28F0BD0097A696 /* MKRingProgressGroupView.swift */,
				62FD1FA41F28F0BD0097A696 /* MKRingProgressGroupButton.swift */,
			);
			name = RingProcessView;
			sourceTree = "<group>";
		};
		80120C805A829899C9D537C1 /* Pods */ = {
			isa = PBXGroup;
			children = (
				198A4214FD36B15B97C39F02 /* Pods-SchoolPower.debug.xcconfig */,
				AF182FAFC8DA239CF1FB62B9 /* Pods-SchoolPower.release.xcconfig */,
			);
			name = Pods;
			sourceTree = "<group>";
		};
/* End PBXGroup section */

/* Begin PBXNativeTarget section */
		62CFC98D1EFA9940002B4A8D /* SchoolPower */ = {
			isa = PBXNativeTarget;
			buildConfigurationList = 62CFC9B61EFA9940002B4A8D /* Build configuration list for PBXNativeTarget "SchoolPower" */;
			buildPhases = (
				43820AD8752AFC11AC12DCCC /* [CP] Check Pods Manifest.lock */,
				62CFC98A1EFA9940002B4A8D /* Sources */,
				62CFC98B1EFA9940002B4A8D /* Frameworks */,
				62CFC98C1EFA9940002B4A8D /* Resources */,
				CD7CEA7401774E26DF625D24 /* [CP] Embed Pods Frameworks */,
				62AA4E2F1F028537009C8CFC /* Embed Frameworks */,
			);
			buildRules = (
			);
			dependencies = (
			);
			name = SchoolPower;
			productName = SchoolPower;
			productReference = 62CFC98E1EFA9940002B4A8D /* SchoolPower.app */;
			productType = "com.apple.product-type.application";
		};
		62CFC9A11EFA9940002B4A8D /* SchoolPowerTests */ = {
			isa = PBXNativeTarget;
			buildConfigurationList = 62CFC9B91EFA9940002B4A8D /* Build configuration list for PBXNativeTarget "SchoolPowerTests" */;
			buildPhases = (
				62CFC99E1EFA9940002B4A8D /* Sources */,
				62CFC99F1EFA9940002B4A8D /* Frameworks */,
				62CFC9A01EFA9940002B4A8D /* Resources */,
			);
			buildRules = (
			);
			dependencies = (
				62CFC9A41EFA9940002B4A8D /* PBXTargetDependency */,
			);
			name = SchoolPowerTests;
			productName = SchoolPowerTests;
			productReference = 62CFC9A21EFA9940002B4A8D /* SchoolPowerTests.xctest */;
			productType = "com.apple.product-type.bundle.unit-test";
		};
		62CFC9AC1EFA9940002B4A8D /* SchoolPowerUITests */ = {
			isa = PBXNativeTarget;
			buildConfigurationList = 62CFC9BC1EFA9940002B4A8D /* Build configuration list for PBXNativeTarget "SchoolPowerUITests" */;
			buildPhases = (
				62CFC9A91EFA9940002B4A8D /* Sources */,
				62CFC9AA1EFA9940002B4A8D /* Frameworks */,
				62CFC9AB1EFA9940002B4A8D /* Resources */,
			);
			buildRules = (
			);
			dependencies = (
				62CFC9AF1EFA9940002B4A8D /* PBXTargetDependency */,
			);
			name = SchoolPowerUITests;
			productName = SchoolPowerUITests;
			productReference = 62CFC9AD1EFA9940002B4A8D /* SchoolPowerUITests.xctest */;
			productType = "com.apple.product-type.bundle.ui-testing";
		};
/* End PBXNativeTarget section */

/* Begin PBXProject section */
		62CFC9861EFA9940002B4A8D /* Project object */ = {
			isa = PBXProject;
			attributes = {
				LastSwiftUpdateCheck = 0830;
				LastUpgradeCheck = 0920;
				ORGANIZATIONNAME = carbonylgroup.studio;
				TargetAttributes = {
					62CFC98D1EFA9940002B4A8D = {
						CreatedOnToolsVersion = 8.3.3;
						DevelopmentTeam = MPPUFL3L6R;
						LastSwiftMigration = 0940;
						ProvisioningStyle = Automatic;
						SystemCapabilities = {
							com.apple.BackgroundModes = {
								enabled = 1;
							};
							com.apple.Push = {
								enabled = 1;
							};
						};
					};
					62CFC9A11EFA9940002B4A8D = {
						CreatedOnToolsVersion = 8.3.3;
						DevelopmentTeam = MPPUFL3L6R;
						ProvisioningStyle = Automatic;
						TestTargetID = 62CFC98D1EFA9940002B4A8D;
					};
					62CFC9AC1EFA9940002B4A8D = {
						CreatedOnToolsVersion = 8.3.3;
						DevelopmentTeam = MPPUFL3L6R;
						ProvisioningStyle = Automatic;
						TestTargetID = 62CFC98D1EFA9940002B4A8D;
					};
				};
			};
			buildConfigurationList = 62CFC9891EFA9940002B4A8D /* Build configuration list for PBXProject "SchoolPower" */;
			compatibilityVersion = "Xcode 6.3";
			developmentRegion = English;
			hasScannedForEncodings = 0;
			knownRegions = (
				en,
				Base,
				"zh-Hant",
				"zh-Hans",
			);
			mainGroup = 62CFC9851EFA9940002B4A8D;
			productRefGroup = 62CFC98F1EFA9940002B4A8D /* Products */;
			projectDirPath = "";
			projectRoot = "";
			targets = (
				62CFC98D1EFA9940002B4A8D /* SchoolPower */,
				62CFC9A11EFA9940002B4A8D /* SchoolPowerTests */,
				62CFC9AC1EFA9940002B4A8D /* SchoolPowerUITests */,
			);
		};
/* End PBXProject section */

/* Begin PBXResourcesBuildPhase section */
		62CFC98C1EFA9940002B4A8D /* Resources */ = {
			isa = PBXResourcesBuildPhase;
			buildActionMask = 2147483647;
			files = (
				627F928621007DC9001F953B /* DonateDialog.xib in Resources */,
				62CFC99C1EFA9940002B4A8D /* LaunchScreen.storyboard in Resources */,
				62953B0A20D0B869003D681F /* AccentColorCell.xib in Resources */,
				62CFC9991EFA9940002B4A8D /* Assets.xcassets in Resources */,
				2705427C1F0882420002C7BE /* Pods-SchoolPower-acknowledgements.plist in Resources */,
				6204A07C1F39E5A9004B2118 /* NothingView.xib in Resources */,
				62A8FA441EFB66DA00751ACD /* Podfile in Resources */,
				6207CEC9210A00CA001FC013 /* cheer.json in Resources */,
				62377E9721047F92004DE715 /* transtr.py in Resources */,
				62C34E291F05F5990078D5F8 /* Localizable.strings in Resources */,
				62C34E121F05F2280078D5F8 /* Main.storyboard in Resources */,
				62C34E151F05F22E0078D5F8 /* Settings.storyboard in Resources */,
				624CDDE720143E0200BDED7C /* AssignmentFlagCollectionCell.xib in Resources */,
				62FD1F8B1F288FC60097A696 /* GPADialog.xib in Resources */,
				62C786821EFBA46000CB28ED /* PeriodGradeListItem.xib in Resources */,
				6205B9161FDB77CD00A124E0 /* TermDialog.xib in Resources */,
				6201D31520138A9600A9255C /* AssignmentDialog.xib in Resources */,
				6207CECC210A0F42001FC013 /* BirthdayDialog.xib in Resources */,
				6201D3172013932300A9255C /* AssignmentFlagListItem.xib in Resources */,
				622248B9210B6D0900E7762E /* CryptoDialog.xib in Resources */,
				6207CECA210A00CA001FC013 /* gift_box.json in Resources */,
			);
			runOnlyForDeploymentPostprocessing = 0;
		};
		62CFC9A01EFA9940002B4A8D /* Resources */ = {
			isa = PBXResourcesBuildPhase;
			buildActionMask = 2147483647;
			files = (
			);
			runOnlyForDeploymentPostprocessing = 0;
		};
		62CFC9AB1EFA9940002B4A8D /* Resources */ = {
			isa = PBXResourcesBuildPhase;
			buildActionMask = 2147483647;
			files = (
			);
			runOnlyForDeploymentPostprocessing = 0;
		};
/* End PBXResourcesBuildPhase section */

/* Begin PBXShellScriptBuildPhase section */
		43820AD8752AFC11AC12DCCC /* [CP] Check Pods Manifest.lock */ = {
			isa = PBXShellScriptBuildPhase;
			buildActionMask = 2147483647;
			files = (
			);
			inputPaths = (
				"${PODS_PODFILE_DIR_PATH}/Podfile.lock",
				"${PODS_ROOT}/Manifest.lock",
			);
			name = "[CP] Check Pods Manifest.lock";
			outputPaths = (
				"$(DERIVED_FILE_DIR)/Pods-SchoolPower-checkManifestLockResult.txt",
			);
			runOnlyForDeploymentPostprocessing = 0;
			shellPath = /bin/sh;
			shellScript = "diff \"${PODS_PODFILE_DIR_PATH}/Podfile.lock\" \"${PODS_ROOT}/Manifest.lock\" > /dev/null\nif [ $? != 0 ] ; then\n    # print error to STDERR\n    echo \"error: The sandbox is not in sync with the Podfile.lock. Run 'pod install' or update your CocoaPods installation.\" >&2\n    exit 1\nfi\n# This output is used by Xcode 'outputs' to avoid re-running this script phase.\necho \"SUCCESS\" > \"${SCRIPT_OUTPUT_FILE_0}\"\n";
			showEnvVarsInLog = 0;
		};
		CD7CEA7401774E26DF625D24 /* [CP] Embed Pods Frameworks */ = {
			isa = PBXShellScriptBuildPhase;
			buildActionMask = 2147483647;
			files = (
			);
			inputPaths = (
				"${SRCROOT}/Pods/Target Support Files/Pods-SchoolPower/Pods-SchoolPower-frameworks.sh",
				"${BUILT_PRODUCTS_DIR}/ActionSheetPicker-3.0/ActionSheetPicker_3_0.framework",
				"${BUILT_PRODUCTS_DIR}/Alamofire/Alamofire.framework",
				"${BUILT_PRODUCTS_DIR}/Charts/Charts.framework",
				"${BUILT_PRODUCTS_DIR}/CropViewController/CropViewController.framework",
				"${BUILT_PRODUCTS_DIR}/CustomIOSAlertView/CustomIOSAlertView.framework",
				"${BUILT_PRODUCTS_DIR}/DGElasticPullToRefresh/DGElasticPullToRefresh.framework",
				"${BUILT_PRODUCTS_DIR}/IQKeyboardManagerSwift/IQKeyboardManagerSwift.framework",
				"${BUILT_PRODUCTS_DIR}/MDFInternationalization/MDFInternationalization.framework",
				"${BUILT_PRODUCTS_DIR}/MDFTextAccessibility/MDFTextAccessibility.framework",
				"${BUILT_PRODUCTS_DIR}/MKRingProgressView/MKRingProgressView.framework",
				"${BUILT_PRODUCTS_DIR}/Material/Material.framework",
				"${BUILT_PRODUCTS_DIR}/MaterialComponents/MaterialComponents.framework",
				"${BUILT_PRODUCTS_DIR}/MotionAnimator/MotionAnimator.framework",
				"${BUILT_PRODUCTS_DIR}/MotionInterchange/MotionInterchange.framework",
				"${BUILT_PRODUCTS_DIR}/MotionTransitioning/MotionTransitioning.framework",
				"${BUILT_PRODUCTS_DIR}/SACountingLabel/SACountingLabel.framework",
				"${BUILT_PRODUCTS_DIR}/SwiftyJSON/SwiftyJSON.framework",
				"${BUILT_PRODUCTS_DIR}/VTAcknowledgementsViewController/VTAcknowledgementsViewController.framework",
				"${BUILT_PRODUCTS_DIR}/XLPagerTabStrip/XLPagerTabStrip.framework",
				"${BUILT_PRODUCTS_DIR}/lottie-ios/Lottie.framework",
			);
			name = "[CP] Embed Pods Frameworks";
			outputPaths = (
				"${TARGET_BUILD_DIR}/${FRAMEWORKS_FOLDER_PATH}/ActionSheetPicker_3_0.framework",
				"${TARGET_BUILD_DIR}/${FRAMEWORKS_FOLDER_PATH}/Alamofire.framework",
				"${TARGET_BUILD_DIR}/${FRAMEWORKS_FOLDER_PATH}/Charts.framework",
				"${TARGET_BUILD_DIR}/${FRAMEWORKS_FOLDER_PATH}/CropViewController.framework",
				"${TARGET_BUILD_DIR}/${FRAMEWORKS_FOLDER_PATH}/CustomIOSAlertView.framework",
				"${TARGET_BUILD_DIR}/${FRAMEWORKS_FOLDER_PATH}/DGElasticPullToRefresh.framework",
				"${TARGET_BUILD_DIR}/${FRAMEWORKS_FOLDER_PATH}/IQKeyboardManagerSwift.framework",
				"${TARGET_BUILD_DIR}/${FRAMEWORKS_FOLDER_PATH}/MDFInternationalization.framework",
				"${TARGET_BUILD_DIR}/${FRAMEWORKS_FOLDER_PATH}/MDFTextAccessibility.framework",
				"${TARGET_BUILD_DIR}/${FRAMEWORKS_FOLDER_PATH}/MKRingProgressView.framework",
				"${TARGET_BUILD_DIR}/${FRAMEWORKS_FOLDER_PATH}/Material.framework",
				"${TARGET_BUILD_DIR}/${FRAMEWORKS_FOLDER_PATH}/MaterialComponents.framework",
				"${TARGET_BUILD_DIR}/${FRAMEWORKS_FOLDER_PATH}/MotionAnimator.framework",
				"${TARGET_BUILD_DIR}/${FRAMEWORKS_FOLDER_PATH}/MotionInterchange.framework",
				"${TARGET_BUILD_DIR}/${FRAMEWORKS_FOLDER_PATH}/MotionTransitioning.framework",
				"${TARGET_BUILD_DIR}/${FRAMEWORKS_FOLDER_PATH}/SACountingLabel.framework",
				"${TARGET_BUILD_DIR}/${FRAMEWORKS_FOLDER_PATH}/SwiftyJSON.framework",
				"${TARGET_BUILD_DIR}/${FRAMEWORKS_FOLDER_PATH}/VTAcknowledgementsViewController.framework",
				"${TARGET_BUILD_DIR}/${FRAMEWORKS_FOLDER_PATH}/XLPagerTabStrip.framework",
				"${TARGET_BUILD_DIR}/${FRAMEWORKS_FOLDER_PATH}/Lottie.framework",
			);
			runOnlyForDeploymentPostprocessing = 0;
			shellPath = /bin/sh;
			shellScript = "\"${SRCROOT}/Pods/Target Support Files/Pods-SchoolPower/Pods-SchoolPower-frameworks.sh\"\n";
			showEnvVarsInLog = 0;
		};
/* End PBXShellScriptBuildPhase section */

/* Begin PBXSourcesBuildPhase section */
		62CFC98A1EFA9940002B4A8D /* Sources */ = {
			isa = PBXSourcesBuildPhase;
			buildActionMask = 2147483647;
			files = (
				622248B7210A14A200E7762E /* BirthdayDialog.swift in Sources */,
				624BDC211EFE2F6A0052EC5D /* AssignmentCell.swift in Sources */,
				62FC12761FADAA4500BCD79D /* AttendanceTableViewController.swift in Sources */,
				6218E23A20E5D83F005CBCED /* PromotionViewController.swift in Sources */,
				62C34E071F03EC470078D5F8 /* DashboardDisplaysTableViewController.swift in Sources */,
				624BDC231EFE46110052EC5D /* Colors.swift in Sources */,
				62CFC9C21EFA9972002B4A8D /* MainTableViewController.swift in Sources */,
				6218E23C20E5D853005CBCED /* DonationViewController.swift in Sources */,
				6297EC201FF0BFA5003E8F1C /* SelectSubjectTableViewController.swift in Sources */,
				62C7867E1EFB98AE00CB28ED /* Assignment.swift in Sources */,
				624BDC531EFE77440052EC5D /* CourseDetailHeaderCell.swift in Sources */,
				2705427E1F0887880002C7BE /* AboutViewController.swift in Sources */,
				627F928821008677001F953B /* DonationDialog.swift in Sources */,
				6209FFC920DB2CBD00B96754 /* LineChartViewController.swift in Sources */,
				62AA4E3D1F033B57009C8CFC /* LeftViewController.swift in Sources */,
				62245FC420FB4F770093E813 /* InstructionViewController.m in Sources */,
				621DA1B71EFD01A300EFAB5A /* Utils.swift in Sources */,
				62377E9321044171004DE715 /* TouchThroughCard.swift in Sources */,
				62AA4E3C1F033B57009C8CFC /* AppNavigationDrawerController.swift in Sources */,
				62CFC9941EFA9940002B4A8D /* CourseDetailTableViewController.swift in Sources */,
				62FC12781FADB6AC00BCD79D /* AttendanceCell.swift in Sources */,
				6201D3192013938E00A9255C /* AssignmentDialog.swift in Sources */,
				628721EA20CF38F100B9FE33 /* ThemeManager.swift in Sources */,
				62C34E091F0482050078D5F8 /* LoginViewController.swift in Sources */,
				62C34E051F03DF080078D5F8 /* LanguageTableViewController.swift in Sources */,
				6218E23820E5D7A9005CBCED /* SupportViewController.swift in Sources */,
				622248BB210B6E9000E7762E /* CryptoDialog.swift in Sources */,
				6209FFCB20DB3CAE00B96754 /* RadarChartViewController.swift in Sources */,
				6297EC241FF0FC16003E8F1C /* GPADialigUtil.swift in Sources */,
				6204A07E1F39E5CE004B2118 /* NothingView.swift in Sources */,
				62245FC920FB51A50093E813 /* OnboardingContentViewController.m in Sources */,
				6271028C1F6FDDBA00676290 /* StudentInformation.swift in Sources */,
				62FD1FA51F28F0BD0097A696 /* MKRingProgressGroupView.swift in Sources */,
				6205B9181FDB80F400A124E0 /* TermDialog.swift in Sources */,
				62FD1FA61F28F0BD0097A696 /* MKRingProgressGroupButton.swift in Sources */,
				6297EC221FF0BFBB003E8F1C /* CalculateRuleTableViewController.swift in Sources */,
				62C786801EFB998D00CB28ED /* Subject.swift in Sources */,
				62AA4E3E1F033B57009C8CFC /* ChartsViewController.swift in Sources */,
				62CFC9C01EFA996C002B4A8D /* DashboardCell.swift in Sources */,
				6209FFC720DB2B1900B96754 /* BarChartViewController.swift in Sources */,
				62CFC9921EFA9940002B4A8D /* AppDelegate.swift in Sources */,
				62953B0820D091B0003D681F /* AccentColorViewController.swift in Sources */,
				62C34E2D1F05FAAD0078D5F8 /* DGLocalization.swift in Sources */,
				62C34E001F03C9C10078D5F8 /* SettingsCell.swift in Sources */,
				62FC127A1FADBC3000BCD79D /* Attendance.swift in Sources */,
				62FD1F8D1F2891D10097A696 /* GPADialog.swift in Sources */,
				62C34DF51F035F340078D5F8 /* DrawerFragmentCell.swift in Sources */,
				62C34DFE1F03BCC10078D5F8 /* SettingsViewController.swift in Sources */,
				62C34E321F06216D0078D5F8 /* CourseDetailFooterCell.swift in Sources */,
				627F928A210090DF001F953B /* FoldingCell.swift in Sources */,
			);
			runOnlyForDeploymentPostprocessing = 0;
		};
		62CFC99E1EFA9940002B4A8D /* Sources */ = {
			isa = PBXSourcesBuildPhase;
			buildActionMask = 2147483647;
			files = (
				62CFC9A71EFA9940002B4A8D /* SchoolPowerTests.swift in Sources */,
			);
			runOnlyForDeploymentPostprocessing = 0;
		};
		62CFC9A91EFA9940002B4A8D /* Sources */ = {
			isa = PBXSourcesBuildPhase;
			buildActionMask = 2147483647;
			files = (
				62CFC9B21EFA9940002B4A8D /* SchoolPowerUITests.swift in Sources */,
			);
			runOnlyForDeploymentPostprocessing = 0;
		};
/* End PBXSourcesBuildPhase section */

/* Begin PBXTargetDependency section */
		62CFC9A41EFA9940002B4A8D /* PBXTargetDependency */ = {
			isa = PBXTargetDependency;
			target = 62CFC98D1EFA9940002B4A8D /* SchoolPower */;
			targetProxy = 62CFC9A31EFA9940002B4A8D /* PBXContainerItemProxy */;
		};
		62CFC9AF1EFA9940002B4A8D /* PBXTargetDependency */ = {
			isa = PBXTargetDependency;
			target = 62CFC98D1EFA9940002B4A8D /* SchoolPower */;
			targetProxy = 62CFC9AE1EFA9940002B4A8D /* PBXContainerItemProxy */;
		};
/* End PBXTargetDependency section */

/* Begin PBXVariantGroup section */
		62C34E141F05F2280078D5F8 /* Main.storyboard */ = {
			isa = PBXVariantGroup;
			children = (
				62C34E131F05F2280078D5F8 /* Base */,
			);
			name = Main.storyboard;
			sourceTree = "<group>";
		};
		62C34E171F05F22E0078D5F8 /* Settings.storyboard */ = {
			isa = PBXVariantGroup;
			children = (
				62C34E161F05F22E0078D5F8 /* Base */,
			);
			name = Settings.storyboard;
			sourceTree = "<group>";
		};
		62C34E271F05F5990078D5F8 /* Localizable.strings */ = {
			isa = PBXVariantGroup;
			children = (
				62C34E2A1F05F5A70078D5F8 /* zh-Hant */,
				62C34E2F1F05FD6B0078D5F8 /* en */,
				62C34E301F0608640078D5F8 /* zh-Hans */,
			);
			name = Localizable.strings;
			sourceTree = "<group>";
		};
		62CFC99A1EFA9940002B4A8D /* LaunchScreen.storyboard */ = {
			isa = PBXVariantGroup;
			children = (
				62CFC99B1EFA9940002B4A8D /* Base */,
			);
			name = LaunchScreen.storyboard;
			sourceTree = "<group>";
		};
/* End PBXVariantGroup section */

/* Begin XCBuildConfiguration section */
		62CFC9B41EFA9940002B4A8D /* Debug */ = {
			isa = XCBuildConfiguration;
			buildSettings = {
				ALWAYS_EMBED_SWIFT_STANDARD_LIBRARIES = YES;
				ALWAYS_SEARCH_USER_PATHS = NO;
				CLANG_ANALYZER_LOCALIZABILITY_NONLOCALIZED = YES;
				CLANG_ANALYZER_NONNULL = YES;
				CLANG_ANALYZER_NUMBER_OBJECT_CONVERSION = YES_AGGRESSIVE;
				CLANG_CXX_LANGUAGE_STANDARD = "gnu++0x";
				CLANG_CXX_LIBRARY = "libc++";
				CLANG_ENABLE_MODULES = YES;
				CLANG_ENABLE_OBJC_ARC = YES;
				CLANG_WARN_BLOCK_CAPTURE_AUTORELEASING = YES;
				CLANG_WARN_BOOL_CONVERSION = YES;
				CLANG_WARN_COMMA = YES;
				CLANG_WARN_CONSTANT_CONVERSION = YES;
				CLANG_WARN_DIRECT_OBJC_ISA_USAGE = YES_ERROR;
				CLANG_WARN_DOCUMENTATION_COMMENTS = YES;
				CLANG_WARN_EMPTY_BODY = YES;
				CLANG_WARN_ENUM_CONVERSION = YES;
				CLANG_WARN_INFINITE_RECURSION = YES;
				CLANG_WARN_INT_CONVERSION = YES;
				CLANG_WARN_NON_LITERAL_NULL_CONVERSION = YES;
				CLANG_WARN_OBJC_LITERAL_CONVERSION = YES;
				CLANG_WARN_OBJC_ROOT_CLASS = YES_ERROR;
				CLANG_WARN_RANGE_LOOP_ANALYSIS = YES;
				CLANG_WARN_STRICT_PROTOTYPES = YES;
				CLANG_WARN_SUSPICIOUS_MOVE = YES;
				CLANG_WARN_UNREACHABLE_CODE = YES;
				CLANG_WARN__DUPLICATE_METHOD_MATCH = YES;
				CODE_SIGN_IDENTITY = "iPhone Developer";
				"CODE_SIGN_IDENTITY[sdk=iphoneos*]" = "iPhone Developer";
				COPY_PHASE_STRIP = NO;
				DEBUG_INFORMATION_FORMAT = dwarf;
				ENABLE_STRICT_OBJC_MSGSEND = YES;
				ENABLE_TESTABILITY = YES;
				GCC_C_LANGUAGE_STANDARD = gnu99;
				GCC_DYNAMIC_NO_PIC = NO;
				GCC_NO_COMMON_BLOCKS = YES;
				GCC_OPTIMIZATION_LEVEL = 0;
				GCC_PREPROCESSOR_DEFINITIONS = (
					"DEBUG=1",
					"$(inherited)",
				);
				GCC_WARN_64_TO_32_BIT_CONVERSION = YES;
				GCC_WARN_ABOUT_RETURN_TYPE = YES_ERROR;
				GCC_WARN_UNDECLARED_SELECTOR = YES;
				GCC_WARN_UNINITIALIZED_AUTOS = YES_AGGRESSIVE;
				GCC_WARN_UNUSED_FUNCTION = YES;
				GCC_WARN_UNUSED_VARIABLE = YES;
				IPHONEOS_DEPLOYMENT_TARGET = 10.3;
				MTL_ENABLE_DEBUG_INFO = YES;
				ONLY_ACTIVE_ARCH = YES;
				SDKROOT = iphoneos;
				SWIFT_ACTIVE_COMPILATION_CONDITIONS = DEBUG;
				SWIFT_OPTIMIZATION_LEVEL = "-Onone";
			};
			name = Debug;
		};
		62CFC9B51EFA9940002B4A8D /* Release */ = {
			isa = XCBuildConfiguration;
			buildSettings = {
				ALWAYS_EMBED_SWIFT_STANDARD_LIBRARIES = YES;
				ALWAYS_SEARCH_USER_PATHS = NO;
				CLANG_ANALYZER_LOCALIZABILITY_NONLOCALIZED = YES;
				CLANG_ANALYZER_NONNULL = YES;
				CLANG_ANALYZER_NUMBER_OBJECT_CONVERSION = YES_AGGRESSIVE;
				CLANG_CXX_LANGUAGE_STANDARD = "gnu++0x";
				CLANG_CXX_LIBRARY = "libc++";
				CLANG_ENABLE_MODULES = YES;
				CLANG_ENABLE_OBJC_ARC = YES;
				CLANG_WARN_BLOCK_CAPTURE_AUTORELEASING = YES;
				CLANG_WARN_BOOL_CONVERSION = YES;
				CLANG_WARN_COMMA = YES;
				CLANG_WARN_CONSTANT_CONVERSION = YES;
				CLANG_WARN_DIRECT_OBJC_ISA_USAGE = YES_ERROR;
				CLANG_WARN_DOCUMENTATION_COMMENTS = YES;
				CLANG_WARN_EMPTY_BODY = YES;
				CLANG_WARN_ENUM_CONVERSION = YES;
				CLANG_WARN_INFINITE_RECURSION = YES;
				CLANG_WARN_INT_CONVERSION = YES;
				CLANG_WARN_NON_LITERAL_NULL_CONVERSION = YES;
				CLANG_WARN_OBJC_LITERAL_CONVERSION = YES;
				CLANG_WARN_OBJC_ROOT_CLASS = YES_ERROR;
				CLANG_WARN_RANGE_LOOP_ANALYSIS = YES;
				CLANG_WARN_STRICT_PROTOTYPES = YES;
				CLANG_WARN_SUSPICIOUS_MOVE = YES;
				CLANG_WARN_UNREACHABLE_CODE = YES;
				CLANG_WARN__DUPLICATE_METHOD_MATCH = YES;
				CODE_SIGN_IDENTITY = "iPhone Developer";
				"CODE_SIGN_IDENTITY[sdk=iphoneos*]" = "iPhone Developer";
				COPY_PHASE_STRIP = NO;
				DEBUG_INFORMATION_FORMAT = "dwarf-with-dsym";
				ENABLE_NS_ASSERTIONS = NO;
				ENABLE_STRICT_OBJC_MSGSEND = YES;
				GCC_C_LANGUAGE_STANDARD = gnu99;
				GCC_NO_COMMON_BLOCKS = YES;
				GCC_WARN_64_TO_32_BIT_CONVERSION = YES;
				GCC_WARN_ABOUT_RETURN_TYPE = YES_ERROR;
				GCC_WARN_UNDECLARED_SELECTOR = YES;
				GCC_WARN_UNINITIALIZED_AUTOS = YES_AGGRESSIVE;
				GCC_WARN_UNUSED_FUNCTION = YES;
				GCC_WARN_UNUSED_VARIABLE = YES;
				IPHONEOS_DEPLOYMENT_TARGET = 10.3;
				MTL_ENABLE_DEBUG_INFO = NO;
				SDKROOT = iphoneos;
				SWIFT_OPTIMIZATION_LEVEL = "-Owholemodule";
				VALIDATE_PRODUCT = YES;
			};
			name = Release;
		};
		62CFC9B71EFA9940002B4A8D /* Debug */ = {
			isa = XCBuildConfiguration;
			baseConfigurationReference = 198A4214FD36B15B97C39F02 /* Pods-SchoolPower.debug.xcconfig */;
			buildSettings = {
				ASSETCATALOG_COMPILER_APPICON_NAME = AppIcon;
				CLANG_ENABLE_MODULES = YES;
				CLANG_WARN_INFINITE_RECURSION = NO;
				CLANG_WARN_SUSPICIOUS_MOVE = NO;
				CODE_SIGN_ENTITLEMENTS = SchoolPower/SchoolPower.entitlements;
				CODE_SIGN_IDENTITY = "";
				"CODE_SIGN_IDENTITY[sdk=iphoneos*]" = "iPhone Developer";
				DEVELOPMENT_TEAM = MPPUFL3L6R;
				FRAMEWORK_SEARCH_PATHS = (
					"$(inherited)",
					"$(PROJECT_DIR)",
					"$(PROJECT_DIR)/SchoolPower",
				);
				GCC_NO_COMMON_BLOCKS = NO;
				INFOPLIST_FILE = SchoolPower/Info.plist;
				IPHONEOS_DEPLOYMENT_TARGET = 8.0;
				LD_RUNPATH_SEARCH_PATHS = "$(inherited)";
				PRODUCT_BUNDLE_IDENTIFIER = studio.schoolpower.SchoolPower;
				PRODUCT_NAME = "$(TARGET_NAME)";
				PROVISIONING_PROFILE_SPECIFIER = "";
				SWIFT_OBJC_BRIDGING_HEADER = "SchoolPower/SchoolPower-Bridging-Header.h";
				SWIFT_OPTIMIZATION_LEVEL = "-Onone";
				SWIFT_SWIFT3_OBJC_INFERENCE = On;
				SWIFT_VERSION = 4.0;
				TARGETED_DEVICE_FAMILY = 1;
			};
			name = Debug;
		};
		62CFC9B81EFA9940002B4A8D /* Release */ = {
			isa = XCBuildConfiguration;
			baseConfigurationReference = AF182FAFC8DA239CF1FB62B9 /* Pods-SchoolPower.release.xcconfig */;
			buildSettings = {
				ASSETCATALOG_COMPILER_APPICON_NAME = AppIcon;
				CLANG_ENABLE_MODULES = YES;
				CLANG_WARN_INFINITE_RECURSION = NO;
				CLANG_WARN_SUSPICIOUS_MOVE = NO;
				CODE_SIGN_ENTITLEMENTS = SchoolPower/SchoolPower.entitlements;
				CODE_SIGN_IDENTITY = "iPhone Distribution: Anhai Wang (MPPUFL3L6R)";
				"CODE_SIGN_IDENTITY[sdk=iphoneos*]" = "iPhone Developer";
				DEVELOPMENT_TEAM = MPPUFL3L6R;
				FRAMEWORK_SEARCH_PATHS = (
					"$(inherited)",
					"$(PROJECT_DIR)",
					"$(PROJECT_DIR)/SchoolPower",
				);
				GCC_NO_COMMON_BLOCKS = NO;
				INFOPLIST_FILE = SchoolPower/Info.plist;
				IPHONEOS_DEPLOYMENT_TARGET = 8.0;
				LD_RUNPATH_SEARCH_PATHS = "$(inherited)";
				PRODUCT_BUNDLE_IDENTIFIER = studio.schoolpower.SchoolPower;
				PRODUCT_NAME = "$(TARGET_NAME)";
				PROVISIONING_PROFILE_SPECIFIER = "";
				SWIFT_OBJC_BRIDGING_HEADER = "SchoolPower/SchoolPower-Bridging-Header.h";
				SWIFT_SWIFT3_OBJC_INFERENCE = On;
				SWIFT_VERSION = 4.0;
				TARGETED_DEVICE_FAMILY = 1;
			};
			name = Release;
		};
		62CFC9BA1EFA9940002B4A8D /* Debug */ = {
			isa = XCBuildConfiguration;
			buildSettings = {
				ALWAYS_EMBED_SWIFT_STANDARD_LIBRARIES = YES;
				BUNDLE_LOADER = "$(TEST_HOST)";
				CODE_SIGN_IDENTITY = "";
				DEVELOPMENT_TEAM = MPPUFL3L6R;
				FRAMEWORK_SEARCH_PATHS = (
					"$(inherited)",
					"$(PROJECT_DIR)/SchoolPowerTests",
				);
				INFOPLIST_FILE = SchoolPowerTests/Info.plist;
				LD_RUNPATH_SEARCH_PATHS = "$(inherited) @executable_path/Frameworks @loader_path/Frameworks";
				PRODUCT_BUNDLE_IDENTIFIER = CarbonylGroup.com.SchoolPowerTests;
				PRODUCT_NAME = "$(TARGET_NAME)";
				SWIFT_OBJC_BRIDGING_HEADER = "";
				SWIFT_VERSION = 3.0;
				TEST_HOST = "$(BUILT_PRODUCTS_DIR)/SchoolPower.app/SchoolPower";
			};
			name = Debug;
		};
		62CFC9BB1EFA9940002B4A8D /* Release */ = {
			isa = XCBuildConfiguration;
			buildSettings = {
				ALWAYS_EMBED_SWIFT_STANDARD_LIBRARIES = YES;
				BUNDLE_LOADER = "$(TEST_HOST)";
				CODE_SIGN_IDENTITY = "";
				DEVELOPMENT_TEAM = MPPUFL3L6R;
				FRAMEWORK_SEARCH_PATHS = (
					"$(inherited)",
					"$(PROJECT_DIR)/SchoolPowerTests",
				);
				INFOPLIST_FILE = SchoolPowerTests/Info.plist;
				LD_RUNPATH_SEARCH_PATHS = "$(inherited) @executable_path/Frameworks @loader_path/Frameworks";
				PRODUCT_BUNDLE_IDENTIFIER = CarbonylGroup.com.SchoolPowerTests;
				PRODUCT_NAME = "$(TARGET_NAME)";
				SWIFT_OBJC_BRIDGING_HEADER = "";
				SWIFT_VERSION = 3.0;
				TEST_HOST = "$(BUILT_PRODUCTS_DIR)/SchoolPower.app/SchoolPower";
			};
			name = Release;
		};
		62CFC9BD1EFA9940002B4A8D /* Debug */ = {
			isa = XCBuildConfiguration;
			buildSettings = {
				ALWAYS_EMBED_SWIFT_STANDARD_LIBRARIES = YES;
				CODE_SIGN_IDENTITY = "";
				DEVELOPMENT_TEAM = MPPUFL3L6R;
				INFOPLIST_FILE = SchoolPowerUITests/Info.plist;
				LD_RUNPATH_SEARCH_PATHS = "$(inherited) @executable_path/Frameworks @loader_path/Frameworks";
				PRODUCT_BUNDLE_IDENTIFIER = CarbonylGroup.com.SchoolPowerUITests;
				PRODUCT_NAME = "$(TARGET_NAME)";
				SWIFT_VERSION = 3.0;
				TEST_TARGET_NAME = SchoolPower;
			};
			name = Debug;
		};
		62CFC9BE1EFA9940002B4A8D /* Release */ = {
			isa = XCBuildConfiguration;
			buildSettings = {
				ALWAYS_EMBED_SWIFT_STANDARD_LIBRARIES = YES;
				CODE_SIGN_IDENTITY = "";
				DEVELOPMENT_TEAM = MPPUFL3L6R;
				INFOPLIST_FILE = SchoolPowerUITests/Info.plist;
				LD_RUNPATH_SEARCH_PATHS = "$(inherited) @executable_path/Frameworks @loader_path/Frameworks";
				PRODUCT_BUNDLE_IDENTIFIER = CarbonylGroup.com.SchoolPowerUITests;
				PRODUCT_NAME = "$(TARGET_NAME)";
				SWIFT_VERSION = 3.0;
				TEST_TARGET_NAME = SchoolPower;
			};
			name = Release;
		};
/* End XCBuildConfiguration section */

/* Begin XCConfigurationList section */
		62CFC9891EFA9940002B4A8D /* Build configuration list for PBXProject "SchoolPower" */ = {
			isa = XCConfigurationList;
			buildConfigurations = (
				62CFC9B41EFA9940002B4A8D /* Debug */,
				62CFC9B51EFA9940002B4A8D /* Release */,
			);
			defaultConfigurationIsVisible = 0;
			defaultConfigurationName = Release;
		};
		62CFC9B61EFA9940002B4A8D /* Build configuration list for PBXNativeTarget "SchoolPower" */ = {
			isa = XCConfigurationList;
			buildConfigurations = (
				62CFC9B71EFA9940002B4A8D /* Debug */,
				62CFC9B81EFA9940002B4A8D /* Release */,
			);
			defaultConfigurationIsVisible = 0;
			defaultConfigurationName = Release;
		};
		62CFC9B91EFA9940002B4A8D /* Build configuration list for PBXNativeTarget "SchoolPowerTests" */ = {
			isa = XCConfigurationList;
			buildConfigurations = (
				62CFC9BA1EFA9940002B4A8D /* Debug */,
				62CFC9BB1EFA9940002B4A8D /* Release */,
			);
			defaultConfigurationIsVisible = 0;
			defaultConfigurationName = Release;
		};
		62CFC9BC1EFA9940002B4A8D /* Build configuration list for PBXNativeTarget "SchoolPowerUITests" */ = {
			isa = XCConfigurationList;
			buildConfigurations = (
				62CFC9BD1EFA9940002B4A8D /* Debug */,
				62CFC9BE1EFA9940002B4A8D /* Release */,
			);
			defaultConfigurationIsVisible = 0;
			defaultConfigurationName = Release;
		};
/* End XCConfigurationList section */
	};
	rootObject = 62CFC9861EFA9940002B4A8D /* Project object */;
}
